
Microsoft Visual Studio Solution File, Format Version 12.00
# Visual Studio 2012
Project("{FAE04EC0-301F-11D3-BF4B-00C04F79EFBC}") = "DeleteInactiveUsers", "DeleteInactiveUsers\DeleteInactiveUsers.csproj", "{C0261F08-D0C6-417A-B680-C6EBF0018C82}"
EndProject
Global
	GlobalSection(SolutionConfigurationPlatforms) = preSolution
		Debug|Any CPU = Debug|Any CPU
		Release|Any CPU = Release|Any CPU
	EndGlobalSection
	GlobalSection(ProjectConfigurationPlatforms) = postSolution
		{C0261F08-D0C6-417A-B680-C6EBF0018C82}.Debug|Any CPU.ActiveCfg = Debug|Any CPU
		{C0261F08-D0C6-417A-B680-C6EBF0018C82}.Debug|Any CPU.Build.0 = Debug|Any CPU
		{C0261F08-D0C6-417A-B680-C6EBF0018C82}.Release|Any CPU.ActiveCfg = Release|Any CPU
		{C0261F08-D0C6-417A-B680-C6EBF0018C82}.Release|Any CPU.Build.0 = Release|Any CPU
	EndGlobalSection
	GlobalSection(SolutionProperties) = preSolution
		HideSolutionNode = FALSE
	EndGlobalSection
EndGlobal
